<?xml version="1.0" encoding="utf-8"?>
<Project ToolsVersion="4.0" xmlns="http://schemas.microsoft.com/developer/msbuild/2003">
  <ItemGroup>
    <Filter Include="Source Files">
      <UniqueIdentifier>{44607fd3-a23a-4f60-bbec-e26b555fff0d}</UniqueIdentifier>
    </Filter>
    <Filter Include="Link Libraries">
      <UniqueIdentifier>{92c62d77-dce7-4b6f-b926-d27a9a07df5a}</UniqueIdentifier>
    </Filter>
    <Filter Include="Resources">
      <UniqueIdentifier>{bda19c8d-b01d-41eb-adf7-4aabab54a07b}</UniqueIdentifier>
    </Filter>
    <Filter Include="dependencies">
      <UniqueIdentifier>{775a8158-bff2-4b1a-8537-fc388f04bf8e}</UniqueIdentifier>
    </Filter>
  </ItemGroup>
  <ItemGroup>
    <ClCompile Include="main.cpp">
      <Filter>Source Files</Filter>
    </ClCompile>
  </ItemGroup>
  <ItemGroup>
    <ResourceCompile Include="hammer_launcher.rc">
      <Filter>Resources</Filter>
    </ResourceCompile>
  </ItemGroup>
  <ItemGroup>
    <None Include="hammer_launcher.vpc">
      <Filter>Resources</Filter>
    </None>
    <None Include="dependencies\cstddef">
      <Filter>dependencies</Filter>
    </None>
    <None Include="dependencies\exception">
      <Filter>dependencies</Filter>
    </None>
    <None Include="dependencies\swprintf.inl">
      <Filter>dependencies</Filter>
    </None>
    <None Include="dependencies\typeinfo">
      <Filter>dependencies</Filter>
    </None>
    <None Include="dependencies\xstddef">
      <Filter>dependencies</Filter>
    </None>
  </ItemGroup>
  <ItemGroup>
    <ClInclude Include="dependencies\AnalogCode.h">
      <Filter>dependencies</Filter>
    </ClInclude>
    <ClInclude Include="dependencies\AppFramework.h">
      <Filter>dependencies</Filter>
    </ClInclude>
    <ClInclude Include="dependencies\assert.h">
      <Filter>dependencies</Filter>
    </ClInclude>
    <ClInclude Include="dependencies\BaseTsd.h">
      <Filter>dependencies</Filter>
    </ClInclude>
    <ClInclude Include="dependencies\basetypes.h">
      <Filter>dependencies</Filter>
    </ClInclude>
    <ClInclude Include="dependencies\bcrypt.h">
      <Filter>dependencies</Filter>
    </ClInclude>
    <ClInclude Include="dependencies\ButtonCode.h">
      <Filter>dependencies</Filter>
    </ClInclude>
    <ClInclude Include="dependencies\byteswap.h">
      <Filter>dependencies</Filter>
    </ClInclude>
    <ClInclude Include="dependencies\callqueue.h">
      <Filter>dependencies</Filter>
    </ClInclude>
    <ClInclude Include="dependencies\CdErr.h">
      <Filter>dependencies</Filter>
    </ClInclude>
    <ClInclude Include="dependencies\CGuid.h">
      <Filter>dependencies</Filter>
    </ClInclude>
    <ClInclude Include="dependencies\checksum_crc.h">
      <Filter>dependencies</Filter>
    </ClInclude>
    <ClInclude Include="dependencies\CommDlg.h">
      <Filter>dependencies</Filter>
    </ClInclude>
    <ClInclude Include="dependencies\commonmacros.h">
      <Filter>dependencies</Filter>
    </ClInclude>
    <ClInclude Include="dependencies\compressed_vector.h">
      <Filter>dependencies</Filter>
    </ClInclude>
    <ClInclude Include="dependencies\crtdbg.h">
      <Filter>dependencies</Filter>
    </ClInclude>
    <ClInclude Include="dependencies\crtdefs.h">
      <Filter>dependencies</Filter>
    </ClInclude>
    <ClInclude Include="dependencies\crtwrn.h">
      <Filter>dependencies</Filter>
    </ClInclude>
    <ClInclude Include="dependencies\ctype.h">
      <Filter>dependencies</Filter>
    </ClInclude>
    <ClInclude Include="dependencies\cvar.h">
      <Filter>dependencies</Filter>
    </ClInclude>
    <ClInclude Include="dependencies\datamap.h">
      <Filter>dependencies</Filter>
    </ClInclude>
    <ClInclude Include="dependencies\dbg.h">
      <Filter>dependencies</Filter>
    </ClInclude>
    <ClInclude Include="dependencies\dbgflag.h">
      <Filter>dependencies</Filter>
    </ClInclude>
    <ClInclude Include="dependencies\Dde.h">
      <Filter>dependencies</Filter>
    </ClInclude>
    <ClInclude Include="dependencies\Ddeml.h">
      <Filter>dependencies</Filter>
    </ClInclude>
    <ClInclude Include="dependencies\deformations.h">
      <Filter>dependencies</Filter>
    </ClInclude>
    <ClInclude Include="dependencies\Dlgs.h">
      <Filter>dependencies</Filter>
    </ClInclude>
    <ClInclude Include="dependencies\driverspecs.h">
      <Filter>dependencies</Filter>
    </ClInclude>
    <ClInclude Include="dependencies\eh.h">
      <Filter>dependencies</Filter>
    </ClInclude>
    <ClInclude Include="dependencies\excpt.h">
      <Filter>dependencies</Filter>
    </ClInclude>
    <ClInclude Include="dependencies\fasttimer.h">
      <Filter>dependencies</Filter>
    </ClInclude>
    <ClInclude Include="dependencies\filesystem.h">
      <Filter>dependencies</Filter>
    </ClInclude>
    <ClInclude Include="dependencies\filesystem_init.h">
      <Filter>dependencies</Filter>
    </ClInclude>
    <ClInclude Include="dependencies\filesystem_passthru.h">
      <Filter>dependencies</Filter>
    </ClInclude>
    <ClInclude Include="dependencies\float.h">
      <Filter>dependencies</Filter>
    </ClInclude>
    <ClInclude Include="dependencies\generichash.h">
      <Filter>dependencies</Filter>
    </ClInclude>
    <ClInclude Include="dependencies\Guiddef.h">
      <Filter>dependencies</Filter>
    </ClInclude>
    <ClInclude Include="dependencies\IAppSystem.h">
      <Filter>dependencies</Filter>
    </ClInclude>
    <ClInclude Include="dependencies\IAppSystemGroup.h">
      <Filter>dependencies</Filter>
    </ClInclude>
    <ClInclude Include="dependencies\IColorCorrection.h">
      <Filter>dependencies</Filter>
    </ClInclude>
    <ClInclude Include="dependencies\icommandline.h">
      <Filter>dependencies</Filter>
    </ClInclude>
    <ClInclude Include="dependencies\iconvar.h">
      <Filter>dependencies</Filter>
    </ClInclude>
    <ClInclude Include="dependencies\icvar.h">
      <Filter>dependencies</Filter>
    </ClInclude>
    <ClInclude Include="dependencies\idatacache.h">
      <Filter>dependencies</Filter>
    </ClInclude>
    <ClInclude Include="dependencies\IHammer.h">
      <Filter>dependencies</Filter>
    </ClInclude>
    <ClInclude Include="dependencies\IHTML.h">
      <Filter>dependencies</Filter>
    </ClInclude>
    <ClInclude Include="dependencies\IImage.h">
      <Filter>dependencies</Filter>
    </ClInclude>
    <ClInclude Include="dependencies\iinputsystem.h">
      <Filter>dependencies</Filter>
    </ClInclude>
    <ClInclude Include="dependencies\imageformat.h">
      <Filter>dependencies</Filter>
    </ClInclude>
    <ClInclude Include="dependencies\imaterial.h">
      <Filter>dependencies</Filter>
    </ClInclude>
    <ClInclude Include="dependencies\imaterialsystem.h">
      <Filter>dependencies</Filter>
    </ClInclude>
    <ClInclude Include="dependencies\imaterialsystemhardwareconfig.h">
      <Filter>dependencies</Filter>
    </ClInclude>
    <ClInclude Include="dependencies\imdlcache.h">
      <Filter>dependencies</Filter>
    </ClInclude>
    <ClInclude Include="dependencies\Ime_cmodes.h">
      <Filter>dependencies</Filter>
    </ClInclude>
    <ClInclude Include="dependencies\Imm.h">
      <Filter>dependencies</Filter>
    </ClInclude>
    <ClInclude Include="dependencies\inaddr.h">
      <Filter>dependencies</Filter>
    </ClInclude>
    <ClInclude Include="dependencies\InputEnums.h">
      <Filter>dependencies</Filter>
    </ClInclude>
    <ClInclude Include="dependencies\interface.h">
      <Filter>dependencies</Filter>
    </ClInclude>
    <ClInclude Include="dependencies\istudiorender.h">
      <Filter>dependencies</Filter>
    </ClInclude>
    <ClInclude Include="dependencies\ISurface.h">
      <Filter>dependencies</Filter>
    </ClInclude>
    <ClInclude Include="dependencies\IVGui.h">
      <Filter>dependencies</Filter>
    </ClInclude>
    <ClInclude Include="dependencies\IVguiMatInfo.h">
      <Filter>dependencies</Filter>
    </ClInclude>
    <ClInclude Include="dependencies\IVguiMatInfoVar.h">
      <Filter>dependencies</Filter>
    </ClInclude>
    <ClInclude Include="dependencies\kernelspecs.h">
      <Filter>dependencies</Filter>
    </ClInclude>
    <ClInclude Include="dependencies\KeyCode.h">
      <Filter>dependencies</Filter>
    </ClInclude>
    <ClInclude Include="dependencies\ktmtypes.h">
      <Filter>dependencies</Filter>
    </ClInclude>
    <ClInclude Include="dependencies\lightdesc.h">
      <Filter>dependencies</Filter>
    </ClInclude>
    <ClInclude Include="dependencies\limits.h">
      <Filter>dependencies</Filter>
    </ClInclude>
    <ClInclude Include="dependencies\localflexcontroller.h">
      <Filter>dependencies</Filter>
    </ClInclude>
    <ClInclude Include="dependencies\LZExpand.h">
      <Filter>dependencies</Filter>
    </ClInclude>
    <ClInclude Include="dependencies\malloc.h">
      <Filter>dependencies</Filter>
    </ClInclude>
    <ClInclude Include="dependencies\math.h">
      <Filter>dependencies</Filter>
    </ClInclude>
    <ClInclude Include="dependencies\math_pfns.h">
      <Filter>dependencies</Filter>
    </ClInclude>
    <ClInclude Include="dependencies\mathlib.h">
      <Filter>dependencies</Filter>
    </ClInclude>
    <ClInclude Include="dependencies\mbstring.h">
      <Filter>dependencies</Filter>
    </ClInclude>
    <ClInclude Include="dependencies\Mcx.h">
      <Filter>dependencies</Filter>
    </ClInclude>
    <ClInclude Include="dependencies\mem.h">
      <Filter>dependencies</Filter>
    </ClInclude>
    <ClInclude Include="dependencies\memalloc.h">
      <Filter>dependencies</Filter>
    </ClInclude>
    <ClInclude Include="dependencies\memdbgoff.h">
      <Filter>dependencies</Filter>
    </ClInclude>
    <ClInclude Include="dependencies\memdbgon.h">
      <Filter>dependencies</Filter>
    </ClInclude>
    <ClInclude Include="dependencies\minmax.h">
      <Filter>dependencies</Filter>
    </ClInclude>
    <ClInclude Include="dependencies\mmintrin.h">
      <Filter>dependencies</Filter>
    </ClInclude>
    <ClInclude Include="dependencies\MMSystem.h">
      <Filter>dependencies</Filter>
    </ClInclude>
    <ClInclude Include="dependencies\MouseCode.h">
      <Filter>dependencies</Filter>
    </ClInclude>
    <ClInclude Include="dependencies\MsXml.h">
      <Filter>dependencies</Filter>
    </ClInclude>
    <ClInclude Include="dependencies\Nb30.h">
      <Filter>dependencies</Filter>
    </ClInclude>
    <ClInclude Include="dependencies\ncrypt.h">
      <Filter>dependencies</Filter>
    </ClInclude>
    <ClInclude Include="dependencies\new.h">
      <Filter>dependencies</Filter>
    </ClInclude>
    <ClInclude Include="dependencies\OAIdl.h">
      <Filter>dependencies</Filter>
    </ClInclude>
    <ClInclude Include="dependencies\ObjBase.h">
      <Filter>dependencies</Filter>
    </ClInclude>
    <ClInclude Include="dependencies\ObjIdl.h">
      <Filter>dependencies</Filter>
    </ClInclude>
    <ClInclude Include="dependencies\Ole2.h">
      <Filter>dependencies</Filter>
    </ClInclude>
    <ClInclude Include="dependencies\OleAuto.h">
      <Filter>dependencies</Filter>
    </ClInclude>
    <ClInclude Include="dependencies\OleIdl.h">
      <Filter>dependencies</Filter>
    </ClInclude>
    <ClInclude Include="dependencies\platform.h">
      <Filter>dependencies</Filter>
    </ClInclude>
    <ClInclude Include="dependencies\PopPack.h">
      <Filter>dependencies</Filter>
    </ClInclude>
    <ClInclude Include="dependencies\process.h">
      <Filter>dependencies</Filter>
    </ClInclude>
    <ClInclude Include="dependencies\PropIdl.h">
      <Filter>dependencies</Filter>
    </ClInclude>
    <ClInclude Include="dependencies\protected_things.h">
      <Filter>dependencies</Filter>
    </ClInclude>
    <ClInclude Include="dependencies\PrSht.h">
      <Filter>dependencies</Filter>
    </ClInclude>
    <ClInclude Include="dependencies\PshPack1.h">
      <Filter>dependencies</Filter>
    </ClInclude>
    <ClInclude Include="dependencies\PshPack2.h">
      <Filter>dependencies</Filter>
    </ClInclude>
    <ClInclude Include="dependencies\PshPack4.h">
      <Filter>dependencies</Filter>
    </ClInclude>
    <ClInclude Include="dependencies\PshPack8.h">
      <Filter>dependencies</Filter>
    </ClInclude>
    <ClInclude Include="dependencies\Reason.h">
      <Filter>dependencies</Filter>
    </ClInclude>
    <ClInclude Include="dependencies\refcount.h">
      <Filter>dependencies</Filter>
    </ClInclude>
    <ClInclude Include="dependencies\Rpc.h">
      <Filter>dependencies</Filter>
    </ClInclude>
    <ClInclude Include="dependencies\RpcAsync.h">
      <Filter>dependencies</Filter>
    </ClInclude>
    <ClInclude Include="dependencies\RpcDce.h">
      <Filter>dependencies</Filter>
    </ClInclude>
    <ClInclude Include="dependencies\RpcDceP.h">
      <Filter>dependencies</Filter>
    </ClInclude>
    <ClInclude Include="dependencies\RpcNdr.h">
      <Filter>dependencies</Filter>
    </ClInclude>
    <ClInclude Include="dependencies\RpcNsi.h">
      <Filter>dependencies</Filter>
    </ClInclude>
    <ClInclude Include="dependencies\RpcNsip.h">
      <Filter>dependencies</Filter>
    </ClInclude>
    <ClInclude Include="dependencies\RpcNtErr.h">
      <Filter>dependencies</Filter>
    </ClInclude>
    <ClInclude Include="dependencies\Rpcsal.h">
      <Filter>dependencies</Filter>
    </ClInclude>
    <ClInclude Include="dependencies\sal.h">
      <Filter>dependencies</Filter>
    </ClInclude>
    <ClInclude Include="dependencies\sal_supp.h">
      <Filter>dependencies</Filter>
    </ClInclude>
    <ClInclude Include="dependencies\sdkddkver.h">
      <Filter>dependencies</Filter>
    </ClInclude>
    <ClInclude Include="dependencies\sdv_driverspecs.h">
      <Filter>dependencies</Filter>
    </ClInclude>
    <ClInclude Include="dependencies\ServProv.h">
      <Filter>dependencies</Filter>
    </ClInclude>
    <ClInclude Include="dependencies\ShellAPI.h">
      <Filter>dependencies</Filter>
    </ClInclude>
    <ClInclude Include="dependencies\sourceannotations.h">
      <Filter>dependencies</Filter>
    </ClInclude>
    <ClInclude Include="dependencies\specstrings.h">
      <Filter>dependencies</Filter>
    </ClInclude>
    <ClInclude Include="dependencies\specstrings_strict.h">
      <Filter>dependencies</Filter>
    </ClInclude>
    <ClInclude Include="dependencies\specstrings_supp.h">
      <Filter>dependencies</Filter>
    </ClInclude>
    <ClInclude Include="dependencies\specstrings_undef.h">
      <Filter>dependencies</Filter>
    </ClInclude>
    <ClInclude Include="dependencies\ssemath.h">
      <Filter>dependencies</Filter>
    </ClInclude>
    <ClInclude Include="dependencies\stdarg.h">
      <Filter>dependencies</Filter>
    </ClInclude>
    <ClInclude Include="dependencies\stddef.h">
      <Filter>dependencies</Filter>
    </ClInclude>
    <ClInclude Include="dependencies\stdio.h">
      <Filter>dependencies</Filter>
    </ClInclude>
    <ClInclude Include="dependencies\stdlib.h">
      <Filter>dependencies</Filter>
    </ClInclude>
    <ClInclude Include="dependencies\SteamCommon.h">
      <Filter>dependencies</Filter>
    </ClInclude>
    <ClInclude Include="dependencies\SteamWriteMiniDump.h">
      <Filter>dependencies</Filter>
    </ClInclude>
    <ClInclude Include="dependencies\StrAlign.h">
      <Filter>dependencies</Filter>
    </ClInclude>
    <ClInclude Include="dependencies\string.h">
      <Filter>dependencies</Filter>
    </ClInclude>
    <ClInclude Include="dependencies\stringpool.h">
      <Filter>dependencies</Filter>
    </ClInclude>
    <ClInclude Include="dependencies\strtools.h">
      <Filter>dependencies</Filter>
    </ClInclude>
    <ClInclude Include="dependencies\studio.h">
      <Filter>dependencies</Filter>
    </ClInclude>
    <ClInclude Include="dependencies\texture_group_names.h">
      <Filter>dependencies</Filter>
    </ClInclude>
    <ClInclude Include="dependencies\threadtools.h">
      <Filter>dependencies</Filter>
    </ClInclude>
    <ClInclude Include="dependencies\Tvout.h">
      <Filter>dependencies</Filter>
    </ClInclude>
    <ClInclude Include="dependencies\typeinfo.h">
      <Filter>dependencies</Filter>
    </ClInclude>
    <ClInclude Include="dependencies\Unknwn.h">
      <Filter>dependencies</Filter>
    </ClInclude>
    <ClInclude Include="dependencies\UrlMon.h">
      <Filter>dependencies</Filter>
    </ClInclude>
    <ClInclude Include="dependencies\use_ansi.h">
      <Filter>dependencies</Filter>
    </ClInclude>
    <ClInclude Include="dependencies\utlblockmemory.h">
      <Filter>dependencies</Filter>
    </ClInclude>
    <ClInclude Include="dependencies\utlbuffer.h">
      <Filter>dependencies</Filter>
    </ClInclude>
    <ClInclude Include="dependencies\utldict.h">
      <Filter>dependencies</Filter>
    </ClInclude>
    <ClInclude Include="dependencies\utlfixedmemory.h">
      <Filter>dependencies</Filter>
    </ClInclude>
    <ClInclude Include="dependencies\utlhash.h">
      <Filter>dependencies</Filter>
    </ClInclude>
    <ClInclude Include="dependencies\utllinkedlist.h">
      <Filter>dependencies</Filter>
    </ClInclude>
    <ClInclude Include="dependencies\utlmap.h">
      <Filter>dependencies</Filter>
    </ClInclude>
    <ClInclude Include="dependencies\utlmemory.h">
      <Filter>dependencies</Filter>
    </ClInclude>
    <ClInclude Include="dependencies\utlrbtree.h">
      <Filter>dependencies</Filter>
    </ClInclude>
    <ClInclude Include="dependencies\utlsymbol.h">
      <Filter>dependencies</Filter>
    </ClInclude>
    <ClInclude Include="dependencies\utlvector.h">
      <Filter>dependencies</Filter>
    </ClInclude>
    <ClInclude Include="dependencies\vadefs.h">
      <Filter>dependencies</Filter>
    </ClInclude>
    <ClInclude Include="dependencies\valve_off.h">
      <Filter>dependencies</Filter>
    </ClInclude>
    <ClInclude Include="dependencies\valve_on.h">
      <Filter>dependencies</Filter>
    </ClInclude>
    <ClInclude Include="dependencies\vcollide.h">
      <Filter>dependencies</Filter>
    </ClInclude>
    <ClInclude Include="dependencies\vcr_shared.h">
      <Filter>dependencies</Filter>
    </ClInclude>
    <ClInclude Include="dependencies\vcrmode.h">
      <Filter>dependencies</Filter>
    </ClInclude>
    <ClInclude Include="dependencies\vector.h">
      <Filter>dependencies</Filter>
    </ClInclude>
    <ClInclude Include="dependencies\vector2d.h">
      <Filter>dependencies</Filter>
    </ClInclude>
    <ClInclude Include="dependencies\vector4d.h">
      <Filter>dependencies</Filter>
    </ClInclude>
    <ClInclude Include="dependencies\VerRsrc.h">
      <Filter>dependencies</Filter>
    </ClInclude>
    <ClInclude Include="dependencies\VGUI.h">
      <Filter>dependencies</Filter>
    </ClInclude>
    <ClInclude Include="dependencies\vmatrix.h">
      <Filter>dependencies</Filter>
    </ClInclude>
    <ClInclude Include="dependencies\vphysics_interface.h">
      <Filter>dependencies</Filter>
    </ClInclude>
    <ClInclude Include="dependencies\vplane.h">
      <Filter>dependencies</Filter>
    </ClInclude>
    <ClInclude Include="dependencies\vstdlib.h">
      <Filter>dependencies</Filter>
    </ClInclude>
    <ClInclude Include="dependencies\vtf.h">
      <Filter>dependencies</Filter>
    </ClInclude>
    <ClInclude Include="dependencies\wchartypes.h">
      <Filter>dependencies</Filter>
    </ClInclude>
    <ClInclude Include="dependencies\WinBase.h">
      <Filter>dependencies</Filter>
    </ClInclude>
    <ClInclude Include="dependencies\WinCon.h">
      <Filter>dependencies</Filter>
    </ClInclude>
    <ClInclude Include="dependencies\WinCrypt.h">
      <Filter>dependencies</Filter>
    </ClInclude>
    <ClInclude Include="dependencies\WinDef.h">
      <Filter>dependencies</Filter>
    </ClInclude>
    <ClInclude Include="dependencies\Windows.h">
      <Filter>dependencies</Filter>
    </ClInclude>
    <ClInclude Include="dependencies\WinEFS.h">
      <Filter>dependencies</Filter>
    </ClInclude>
    <ClInclude Include="dependencies\WinError.h">
      <Filter>dependencies</Filter>
    </ClInclude>
    <ClInclude Include="dependencies\WinGDI.h">
      <Filter>dependencies</Filter>
    </ClInclude>
    <ClInclude Include="dependencies\WinIoCtl.h">
      <Filter>dependencies</Filter>
    </ClInclude>
    <ClInclude Include="dependencies\WinNetWk.h">
      <Filter>dependencies</Filter>
    </ClInclude>
    <ClInclude Include="dependencies\WinNls.h">
      <Filter>dependencies</Filter>
    </ClInclude>
    <ClInclude Include="dependencies\WinNT.h">
      <Filter>dependencies</Filter>
    </ClInclude>
    <ClInclude Include="dependencies\WinPerf.h">
      <Filter>dependencies</Filter>
    </ClInclude>
    <ClInclude Include="dependencies\WinReg.h">
      <Filter>dependencies</Filter>
    </ClInclude>
    <ClInclude Include="dependencies\WinSCard.h">
      <Filter>dependencies</Filter>
    </ClInclude>
    <ClInclude Include="dependencies\WinSmCrd.h">
      <Filter>dependencies</Filter>
    </ClInclude>
    <ClInclude Include="dependencies\WinSock.h">
      <Filter>dependencies</Filter>
    </ClInclude>
    <ClInclude Include="dependencies\WinSpool.h">
      <Filter>dependencies</Filter>
    </ClInclude>
    <ClInclude Include="dependencies\WinSvc.h">
      <Filter>dependencies</Filter>
    </ClInclude>
    <ClInclude Include="dependencies\WinUser.h">
      <Filter>dependencies</Filter>
    </ClInclude>
    <ClInclude Include="dependencies\WinVer.h">
      <Filter>dependencies</Filter>
    </ClInclude>
    <ClInclude Include="dependencies\wnnc.h">
      <Filter>dependencies</Filter>
    </ClInclude>
    <ClInclude Include="dependencies\WTypes.h">
      <Filter>dependencies</Filter>
    </ClInclude>
    <ClInclude Include="dependencies\xbox_codeline_defines.h">
      <Filter>dependencies</Filter>
    </ClInclude>
    <ClInclude Include="dependencies\xmmintrin.h">
      <Filter>dependencies</Filter>
    </ClInclude>
    <ClInclude Include="dependencies\yvals.h">
      <Filter>dependencies</Filter>
    </ClInclude>
  </ItemGroup>
  <ItemGroup>
    <Library Include="lib\appframework.lib">
      <Filter>Link Libraries</Filter>
    </Library>
    <Library Include="lib\tier0.lib">
      <Filter>Link Libraries</Filter>
    </Library>
    <Library Include="lib\tier1.lib">
      <Filter>Link Libraries</Filter>
    </Library>
    <Library Include="lib\vstdlib.lib">
      <Filter>Link Libraries</Filter>
    </Library>
  </ItemGroup>
</Project>